
Microsoft Visual Studio Solution File, Format Version 12.00
# Visual Studio Version 17
VisualStudioVersion = 17.13.35806.99 d17.13
MinimumVisualStudioVersion = 10.0.40219.1
Project("{FAE04EC0-301F-11D3-BF4B-00C04F79EFBC}") = "WebBanPhuKienDienThoai", "WebBanPhuKienDienThoai\WebBanPhuKienDienThoai.csproj", "{2075FEC4-4EFB-4DB7-A1D4-A6A0CC0BA7CE}"
EndProject
Global
	GlobalSection(SolutionConfigurationPlatforms) = preSolution
		Debug|Any CPU = Debug|Any CPU
		Release|Any CPU = Release|Any CPU
	EndGlobalSection
	GlobalSection(ProjectConfigurationPlatforms) = postSolution
		{2075FEC4-4EFB-4DB7-A1D4-A6A0CC0BA7CE}.Debug|Any CPU.ActiveCfg = Debug|Any CPU
		{2075FEC4-4EFB-4DB7-A1D4-A6A0CC0BA7CE}.Debug|Any CPU.Build.0 = Debug|Any CPU
		{2075FEC4-4EFB-4DB7-A1D4-A6A0CC0BA7CE}.Release|Any CPU.ActiveCfg = Release|Any CPU
		{2075FEC4-4EFB-4DB7-A1D4-A6A0CC0BA7CE}.Release|Any CPU.Build.0 = Release|Any CPU
	EndGlobalSection
	GlobalSection(SolutionProperties) = preSolution
		HideSolutionNode = FALSE
	EndGlobalSection
	GlobalSection(ExtensibilityGlobals) = postSolution
		SolutionGuid = {68C12C87-4047-496C-B096-D6CB627F3A3C}
	EndGlobalSection
EndGlobal
